
Microsoft Visual Studio Solution File, Format Version 12.00
# Visual Studio Version 17
VisualStudioVersion = 17.10.34916.146
MinimumVisualStudioVersion = 10.0.40219.1
Project("{FAE04EC0-301F-11D3-BF4B-00C04F79EFBC}") = "BusinessEnterprise", "BusinessEnterprise\BusinessEnterprise.csproj", "{A2CBB355-8807-453F-9AAE-6D7C5B861285}"
EndProject
Global
	GlobalSection(SolutionConfigurationPlatforms) = preSolution
		Debug|Any CPU = Debug|Any CPU
		Release|Any CPU = Release|Any CPU
	EndGlobalSection
	GlobalSection(ProjectConfigurationPlatforms) = postSolution
		{A2CBB355-8807-453F-9AAE-6D7C5B861285}.Debug|Any CPU.ActiveCfg = Debug|Any CPU
		{A2CBB355-8807-453F-9AAE-6D7C5B861285}.Debug|Any CPU.Build.0 = Debug|Any CPU
		{A2CBB355-8807-453F-9AAE-6D7C5B861285}.Release|Any CPU.ActiveCfg = Release|Any CPU
		{A2CBB355-8807-453F-9AAE-6D7C5B861285}.Release|Any CPU.Build.0 = Release|Any CPU
	EndGlobalSection
	GlobalSection(SolutionProperties) = preSolution
		HideSolutionNode = FALSE
	EndGlobalSection
	GlobalSection(ExtensibilityGlobals) = postSolution
		SolutionGuid = {8A90767A-5BD2-493C-8D79-343CC9ACE7CA}
	EndGlobalSection
EndGlobal
